
Microsoft Visual Studio Solution File, Format Version 12.00
# Visual Studio Version 17
VisualStudioVersion = 17.0.31903.59
MinimumVisualStudioVersion = 10.0.40219.1
Project("{2150E333-8FDC-42A3-9474-1A3956D46DE8}") = "FrontEnd", "FrontEnd", "{02EA681E-C7D8-13C7-8484-4AC65E1B71E8}"
EndProject
Project("{2150E333-8FDC-42A3-9474-1A3956D46DE8}") = "GateWay", "GateWay", "{7D5F482B-1A3F-4A40-B86F-99FE3DFCC456}"
EndProject
Project("{2150E333-8FDC-42A3-9474-1A3956D46DE8}") = "Integration", "Integration", "{866C0FB4-65CF-466F-8CB3-F66A532EA281}"
EndProject
Project("{2150E333-8FDC-42A3-9474-1A3956D46DE8}") = "Services", "Services", "{55876BCC-CD00-4E7B-AA55-432D9491122F}"
EndProject
Project("{FAE04EC0-301F-11D3-BF4B-00C04F79EFBC}") = "Micorservice.CouponApi", "Micorservice.Coupon\Micorservice.CouponApi.csproj", "{944B3758-41FD-43A1-A84B-9C444647AA5C}"
EndProject
Project("{FAE04EC0-301F-11D3-BF4B-00C04F79EFBC}") = "Microservice.Web", "Microservice.Web\Microservice.Web.csproj", "{2F3123A1-4520-47D8-8765-74B42A624021}"
EndProject
Project("{FAE04EC0-301F-11D3-BF4B-00C04F79EFBC}") = "Microservice.AuthApi", "Microservice.AuthApi\Microservice.AuthApi.csproj", "{F8792AE8-F137-4112-BA88-FBB33B0107E1}"
EndProject
Global
	GlobalSection(SolutionConfigurationPlatforms) = preSolution
		Debug|Any CPU = Debug|Any CPU
		Release|Any CPU = Release|Any CPU
	EndGlobalSection
	GlobalSection(ProjectConfigurationPlatforms) = postSolution
		{944B3758-41FD-43A1-A84B-9C444647AA5C}.Debug|Any CPU.ActiveCfg = Debug|Any CPU
		{944B3758-41FD-43A1-A84B-9C444647AA5C}.Debug|Any CPU.Build.0 = Debug|Any CPU
		{944B3758-41FD-43A1-A84B-9C444647AA5C}.Release|Any CPU.ActiveCfg = Release|Any CPU
		{944B3758-41FD-43A1-A84B-9C444647AA5C}.Release|Any CPU.Build.0 = Release|Any CPU
		{2F3123A1-4520-47D8-8765-74B42A624021}.Debug|Any CPU.ActiveCfg = Debug|Any CPU
		{2F3123A1-4520-47D8-8765-74B42A624021}.Debug|Any CPU.Build.0 = Debug|Any CPU
		{2F3123A1-4520-47D8-8765-74B42A624021}.Release|Any CPU.ActiveCfg = Release|Any CPU
		{2F3123A1-4520-47D8-8765-74B42A624021}.Release|Any CPU.Build.0 = Release|Any CPU
		{F8792AE8-F137-4112-BA88-FBB33B0107E1}.Debug|Any CPU.ActiveCfg = Debug|Any CPU
		{F8792AE8-F137-4112-BA88-FBB33B0107E1}.Debug|Any CPU.Build.0 = Debug|Any CPU
		{F8792AE8-F137-4112-BA88-FBB33B0107E1}.Release|Any CPU.ActiveCfg = Release|Any CPU
		{F8792AE8-F137-4112-BA88-FBB33B0107E1}.Release|Any CPU.Build.0 = Release|Any CPU
	EndGlobalSection
	GlobalSection(SolutionProperties) = preSolution
		HideSolutionNode = FALSE
	EndGlobalSection
	GlobalSection(NestedProjects) = preSolution
		{944B3758-41FD-43A1-A84B-9C444647AA5C} = {55876BCC-CD00-4E7B-AA55-432D9491122F}
		{2F3123A1-4520-47D8-8765-74B42A624021} = {02EA681E-C7D8-13C7-8484-4AC65E1B71E8}
		{F8792AE8-F137-4112-BA88-FBB33B0107E1} = {55876BCC-CD00-4E7B-AA55-432D9491122F}
	EndGlobalSection
	GlobalSection(ExtensibilityGlobals) = postSolution
		SolutionGuid = {4603913F-28FE-4AF7-B4D6-9302CAFC77EB}
	EndGlobalSection
EndGlobal
